
Microsoft Visual Studio Solution File, Format Version 12.00
# Visual Studio Version 17
VisualStudioVersion = 17.14.36202.13 d17.14
MinimumVisualStudioVersion = 10.0.40219.1
Project("{FAE04EC0-301F-11D3-BF4B-00C04F79EFBC}") = "WebApp", "WebApp.csproj", "{9E79EA8B-429C-4DF0-9724-AE37F41C26F8}"
EndProject
Global
	GlobalSection(SolutionConfigurationPlatforms) = preSolution
		Debug|Any CPU = Debug|Any CPU
		Release|Any CPU = Release|Any CPU
	EndGlobalSection
	GlobalSection(ProjectConfigurationPlatforms) = postSolution
		{9E79EA8B-429C-4DF0-9724-AE37F41C26F8}.Debug|Any CPU.ActiveCfg = Debug|Any CPU
		{9E79EA8B-429C-4DF0-9724-AE37F41C26F8}.Debug|Any CPU.Build.0 = Debug|Any CPU
		{9E79EA8B-429C-4DF0-9724-AE37F41C26F8}.Release|Any CPU.ActiveCfg = Release|Any CPU
		{9E79EA8B-429C-4DF0-9724-AE37F41C26F8}.Release|Any CPU.Build.0 = Release|Any CPU
	EndGlobalSection
	GlobalSection(SolutionProperties) = preSolution
		HideSolutionNode = FALSE
	EndGlobalSection
	GlobalSection(ExtensibilityGlobals) = postSolution
		SolutionGuid = {3CD63BA3-2CC5-4395-A872-51D4A56C2FD5}
	EndGlobalSection
EndGlobal
